
Microsoft Visual Studio Solution File, Format Version 12.00
# Visual Studio 2012
Project("{2150E333-8FDC-42A3-9474-1A3956D46DE8}") = "sample", "sample", "{09CC8686-7205-4677-925D-CEE0D1ACE3AC}"
EndProject
Project("{FAE04EC0-301F-11D3-BF4B-00C04F79EFBC}") = "sample", "sample\sample.csproj", "{B257FC37-3B82-455D-A2F9-487F777F33EA}"
EndProject
Project("{FAE04EC0-301F-11D3-BF4B-00C04F79EFBC}") = "DatePicker", "DatePicker\DatePicker.csproj", "{1FD14F65-7BAE-42E6-80D4-7DC05658984B}"
EndProject
Global
	GlobalSection(SolutionConfigurationPlatforms) = preSolution
		Debug|Any CPU = Debug|Any CPU
		Release|Any CPU = Release|Any CPU
		Debug|iPhoneSimulator = Debug|iPhoneSimulator
		Release|iPhone = Release|iPhone
		Release|iPhoneSimulator = Release|iPhoneSimulator
		Debug|iPhone = Debug|iPhone
	EndGlobalSection
	GlobalSection(ProjectConfigurationPlatforms) = postSolution
		{B257FC37-3B82-455D-A2F9-487F777F33EA}.Debug|Any CPU.ActiveCfg = Debug|iPhoneSimulator
		{B257FC37-3B82-455D-A2F9-487F777F33EA}.Debug|Any CPU.Build.0 = Debug|iPhoneSimulator
		{B257FC37-3B82-455D-A2F9-487F777F33EA}.Release|Any CPU.ActiveCfg = Release|iPhone
		{B257FC37-3B82-455D-A2F9-487F777F33EA}.Release|Any CPU.Build.0 = Release|iPhone
		{B257FC37-3B82-455D-A2F9-487F777F33EA}.Debug|iPhoneSimulator.ActiveCfg = Debug|iPhoneSimulator
		{B257FC37-3B82-455D-A2F9-487F777F33EA}.Debug|iPhoneSimulator.Build.0 = Debug|iPhoneSimulator
		{B257FC37-3B82-455D-A2F9-487F777F33EA}.Release|iPhone.ActiveCfg = Release|iPhone
		{B257FC37-3B82-455D-A2F9-487F777F33EA}.Release|iPhone.Build.0 = Release|iPhone
		{B257FC37-3B82-455D-A2F9-487F777F33EA}.Release|iPhoneSimulator.ActiveCfg = Release|iPhoneSimulator
		{B257FC37-3B82-455D-A2F9-487F777F33EA}.Release|iPhoneSimulator.Build.0 = Release|iPhoneSimulator
		{B257FC37-3B82-455D-A2F9-487F777F33EA}.Debug|iPhone.ActiveCfg = Debug|iPhone
		{B257FC37-3B82-455D-A2F9-487F777F33EA}.Debug|iPhone.Build.0 = Debug|iPhone
		{1FD14F65-7BAE-42E6-80D4-7DC05658984B}.Debug|Any CPU.ActiveCfg = Debug|Any CPU
		{1FD14F65-7BAE-42E6-80D4-7DC05658984B}.Debug|Any CPU.Build.0 = Debug|Any CPU
		{1FD14F65-7BAE-42E6-80D4-7DC05658984B}.Release|Any CPU.ActiveCfg = Release|Any CPU
		{1FD14F65-7BAE-42E6-80D4-7DC05658984B}.Release|Any CPU.Build.0 = Release|Any CPU
		{1FD14F65-7BAE-42E6-80D4-7DC05658984B}.Debug|iPhoneSimulator.ActiveCfg = Debug|Any CPU
		{1FD14F65-7BAE-42E6-80D4-7DC05658984B}.Debug|iPhoneSimulator.Build.0 = Debug|Any CPU
		{1FD14F65-7BAE-42E6-80D4-7DC05658984B}.Release|iPhone.ActiveCfg = Release|Any CPU
		{1FD14F65-7BAE-42E6-80D4-7DC05658984B}.Release|iPhone.Build.0 = Release|Any CPU
		{1FD14F65-7BAE-42E6-80D4-7DC05658984B}.Release|iPhoneSimulator.ActiveCfg = Release|Any CPU
		{1FD14F65-7BAE-42E6-80D4-7DC05658984B}.Release|iPhoneSimulator.Build.0 = Release|Any CPU
		{1FD14F65-7BAE-42E6-80D4-7DC05658984B}.Debug|iPhone.ActiveCfg = Debug|Any CPU
		{1FD14F65-7BAE-42E6-80D4-7DC05658984B}.Debug|iPhone.Build.0 = Debug|Any CPU
	EndGlobalSection
	GlobalSection(NestedProjects) = preSolution
		{B257FC37-3B82-455D-A2F9-487F777F33EA} = {09CC8686-7205-4677-925D-CEE0D1ACE3AC}
	EndGlobalSection
EndGlobal
